
Microsoft Visual Studio Solution File, Format Version 12.00
# Visual Studio Version 16
VisualStudioVersion = 16.0.30320.27
MinimumVisualStudioVersion = 10.0.40219.1
Project("{888888A0-9F3D-457C-B088-3A5042F75D52}") = "WordsCloud", "WordsCloud\WordsCloud.pyproj", "{DE7853D2-5653-487F-BD38-5E68F1FBB38E}"
EndProject
Global
	GlobalSection(SolutionConfigurationPlatforms) = preSolution
		Debug|Any CPU = Debug|Any CPU
		Release|Any CPU = Release|Any CPU
	EndGlobalSection
	GlobalSection(ProjectConfigurationPlatforms) = postSolution
		{DE7853D2-5653-487F-BD38-5E68F1FBB38E}.Debug|Any CPU.ActiveCfg = Debug|Any CPU
		{DE7853D2-5653-487F-BD38-5E68F1FBB38E}.Release|Any CPU.ActiveCfg = Release|Any CPU
	EndGlobalSection
	GlobalSection(SolutionProperties) = preSolution
		HideSolutionNode = FALSE
	EndGlobalSection
	GlobalSection(ExtensibilityGlobals) = postSolution
		SolutionGuid = {CAD81B3F-B93E-48D3-BEB5-497EF3D4EB51}
	EndGlobalSection
EndGlobal
